dependencies:
  espressif/libsodium:
    component_hash: b51f5836f044d8b7fbb1784257605c47ff7356f701377b005912fe6a2f12db37
    dependencies:
    - name: idf
      require: private
      version: '>=4.2'
    source:
      registry_url: https://components.espressif.com/
      type: service
    version: 1.0.21
  idf:
    source:
      type: idf
    version: 5.5.2
direct_dependencies:
- espressif/libsodium
manifest_hash: 57fafb7df2a6c2d4798ce3a6e336f6bfa7434066300a21e7f9c49c132e3fee01
target: esp32s3
version: 2.0.0
